
Microsoft Visual Studio Solution File, Format Version 12.00
# Visual Studio 15
VisualStudioVersion = 15.0.27004.2006
MinimumVisualStudioVersion = 10.0.40219.1
Project("{FAE04EC0-301F-11D3-BF4B-00C04F79EFBC}") = "IDL.Question4.Code", "IDL.Question4.Code.csproj", "{39D61FCC-E194-4902-BF50-6F7CDEABA970}"
EndProject
Project("{FAE04EC0-301F-11D3-BF4B-00C04F79EFBC}") = "IDL.Question4.Tests", "..\IDL.Question4.Tests\IDL.Question4.Tests.csproj", "{8A88A029-51C0-4B3C-A349-4B9D981E980E}"
EndProject
Global
	GlobalSection(SolutionConfigurationPlatforms) = preSolution
		Debug|Any CPU = Debug|Any CPU
		Release|Any CPU = Release|Any CPU
	EndGlobalSection
	GlobalSection(ProjectConfigurationPlatforms) = postSolution
		{39D61FCC-E194-4902-BF50-6F7CDEABA970}.Debug|Any CPU.ActiveCfg = Debug|Any CPU
		{39D61FCC-E194-4902-BF50-6F7CDEABA970}.Debug|Any CPU.Build.0 = Debug|Any CPU
		{39D61FCC-E194-4902-BF50-6F7CDEABA970}.Release|Any CPU.ActiveCfg = Release|Any CPU
		{39D61FCC-E194-4902-BF50-6F7CDEABA970}.Release|Any CPU.Build.0 = Release|Any CPU
		{8A88A029-51C0-4B3C-A349-4B9D981E980E}.Debug|Any CPU.ActiveCfg = Debug|Any CPU
		{8A88A029-51C0-4B3C-A349-4B9D981E980E}.Debug|Any CPU.Build.0 = Debug|Any CPU
		{8A88A029-51C0-4B3C-A349-4B9D981E980E}.Release|Any CPU.ActiveCfg = Release|Any CPU
		{8A88A029-51C0-4B3C-A349-4B9D981E980E}.Release|Any CPU.Build.0 = Release|Any CPU
	EndGlobalSection
	GlobalSection(SolutionProperties) = preSolution
		HideSolutionNode = FALSE
	EndGlobalSection
	GlobalSection(ExtensibilityGlobals) = postSolution
		SolutionGuid = {F3BF8B9A-2881-470C-8E48-B1CF05912DBE}
	EndGlobalSection
EndGlobal
